Microsoft Visual Studio Solution File, Format Version 11.00
# Visual Studio 2008

Project("{1DD227B5-7A71-D6BA-B499-E43558BEDDD3}") = "proj2d", "Assembly-CSharp-firstpass-vs.csproj", "{E7B37792-C0F3-B91D-9488-6FB14CC21B25}"
EndProject
Project("{1DD227B5-7A71-D6BA-B499-E43558BEDDD3}") = "proj2d", "Assembly-CSharp-vs.csproj", "{CBB0695E-5E6E-174E-69C0-FCA37FBBD22C}"
EndProject
Project("{1DD227B5-7A71-D6BA-B499-E43558BEDDD3}") = "proj2d", "Assembly-CSharp-Editor-vs.csproj", "{082FEDF4-13AF-D803-4647-7060873D1664}"
EndProject
Global
	GlobalSection(SolutionConfigurationPlatforms) = preSolution
		Debug|Any CPU = Debug|Any CPU
		Release|Any CPU = Release|Any CPU
	EndGlobalSection
	GlobalSection(ProjectConfigurationPlatforms) = postSolution
		{E7B37792-C0F3-B91D-9488-6FB14CC21B25}.Debug|Any CPU.ActiveCfg = Debug|Any CPU
		{E7B37792-C0F3-B91D-9488-6FB14CC21B25}.Debug|Any CPU.Build.0 = Debug|Any CPU
		{E7B37792-C0F3-B91D-9488-6FB14CC21B25}.Release|Any CPU.ActiveCfg = Release|Any CPU
		{E7B37792-C0F3-B91D-9488-6FB14CC21B25}.Release|Any CPU.Build.0 = Release|Any CPU
		{CBB0695E-5E6E-174E-69C0-FCA37FBBD22C}.Debug|Any CPU.ActiveCfg = Debug|Any CPU
		{CBB0695E-5E6E-174E-69C0-FCA37FBBD22C}.Debug|Any CPU.Build.0 = Debug|Any CPU
		{CBB0695E-5E6E-174E-69C0-FCA37FBBD22C}.Release|Any CPU.ActiveCfg = Release|Any CPU
		{CBB0695E-5E6E-174E-69C0-FCA37FBBD22C}.Release|Any CPU.Build.0 = Release|Any CPU
		{082FEDF4-13AF-D803-4647-7060873D1664}.Debug|Any CPU.ActiveCfg = Debug|Any CPU
		{082FEDF4-13AF-D803-4647-7060873D1664}.Debug|Any CPU.Build.0 = Debug|Any CPU
		{082FEDF4-13AF-D803-4647-7060873D1664}.Release|Any CPU.ActiveCfg = Release|Any CPU
		{082FEDF4-13AF-D803-4647-7060873D1664}.Release|Any CPU.Build.0 = Release|Any CPU
	EndGlobalSection
	GlobalSection(SolutionProperties) = preSolution
		HideSolutionNode = FALSE
	EndGlobalSection
																											GlobalSection(MonoDevelopProperties) = preSolution
		StartupItem = Assembly-CSharp.csproj
		Policies = $0
		$0.TextStylePolicy = $1
		$1.inheritsSet = null
		$1.scope = text/x-csharp
		$0.CSharpFormattingPolicy = $2
		$2.inheritsSet = Mono
		$2.inheritsScope = text/x-csharp
		$2.scope = text/x-csharp
		$0.TextStylePolicy = $3
		$3.FileWidth = 120
		$3.TabWidth = 4
		$3.EolMarker = Unix
		$3.inheritsSet = Mono
		$3.inheritsScope = text/plain
		$3.scope = text/plain
	EndGlobalSection

EndGlobal
